// !$*UTF8*$!
{
	archiveVersion = 1;
	classes = {
	};
	objectVersion = 56;
	objects = {

/* Begin PBXBuildFile section */
		BB96CF8E2A6A32DE0016AC85 /* AppDelegate.swift in Sources */ = {isa = PBXBuildFile; fileRef = BB96CF8D2A6A32DE0016AC85 /* AppDelegate.swift */; };
		BB96CF902A6A32DE0016AC85 /* SceneDelegate.swift in Sources */ = {isa = PBXBuildFile; fileRef = BB96CF8F2A6A32DE0016AC85 /* SceneDelegate.swift */; };
		BB96CF922A6A32DE0016AC85 /* ViewController.swift in Sources */ = {isa = PBXBuildFile; fileRef = BB96CF912A6A32DE0016AC85 /* ViewController.swift */; };
		BB96CF952A6A32DE0016AC85 /* Main.storyboard in Resources */ = {isa = PBXBuildFile; fileRef = BB96CF932A6A32DE0016AC85 /* Main.storyboard */; };
		BB96CF972A6A32E10016AC85 /* Assets.xcassets in Resources */ = {isa = PBXBuildFile; fileRef = BB96CF962A6A32E10016AC85 /* Assets.xcassets */; };
		BB96CF9A2A6A32E10016AC85 /* LaunchScreen.storyboard in Resources */ = {isa = PBXBuildFile; fileRef = BB96CF982A6A32E10016AC85 /* LaunchScreen.storyboard */; };
		BB96CFAE2A6A65E10016AC85 /* Model.swift in Sources */ = {isa = PBXBuildFile; fileRef = BB96CFAD2A6A65E10016AC85 /* Model.swift */; };
		BB96CFB02A6A676E0016AC85 /* UserService.swift in Sources */ = {isa = PBXBuildFile; fileRef = BB96CFAF2A6A676E0016AC85 /* UserService.swift */; };
		C841B0CE0C4EAA1BDB9CBF11 /* Pods_testingapi.framework in Frameworks */ = {isa = PBXBuildFile; fileRef = 79EAE8138BB1E7B26D7A5DD1 /* Pods_testingapi.framework */; };
/* End PBXBuildFile section */

/* Begin PBXFileReference section */
		79EAE8138BB1E7B26D7A5DD1 /* Pods_testingapi.framework */ = {isa = PBXFileReference; explicitFileType = wrapper.framework; includeInIndex = 0; path = Pods_testingapi.framework; sourceTree = BUILT_PRODUCTS_DIR; };
		9AEE9BC7C5D2806902B14285 /* Pods-testingapi.debug.xcconfig */ = {isa = PBXFileReference; includeInIndex = 1; lastKnownFileType = text.xcconfig; name = "Pods-testingapi.debug.xcconfig"; path = "Target Support Files/Pods-testingapi/Pods-testingapi.debug.xcconfig"; sourceTree = "<group>"; };
		BB96CF8A2A6A32DE0016AC85 /* testingapi.app */ = {isa = PBXFileReference; explicitFileType = wrapper.application; includeInIndex = 0; path = testingapi.app; sourceTree = BUILT_PRODUCTS_DIR; };
		BB96CF8D2A6A32DE0016AC85 /* AppDelegate.swift */ = {isa = PBXFileReference; lastKnownFileType = sourcecode.swift; path = AppDelegate.swift; sourceTree = "<group>"; };
		BB96CF8F2A6A32DE0016AC85 /* SceneDelegate.swift */ = {isa = PBXFileReference; lastKnownFileType = sourcecode.swift; path = SceneDelegate.swift; sourceTree = "<group>"; };
		BB96CF912A6A32DE0016AC85 /* ViewController.swift */ = {isa = PBXFileReference; lastKnownFileType = sourcecode.swift; path = ViewController.swift; sourceTree = "<group>"; };
		BB96CF942A6A32DE0016AC85 /* Base */ = {isa = PBXFileReference; lastKnownFileType = file.storyboard; name = Base; path = Base.lproj/Main.storyboard; sourceTree = "<group>"; };
		BB96CF962A6A32E10016AC85 /* Assets.xcassets */ = {isa = PBXFileReference; lastKnownFileType = folder.assetcatalog; path = Assets.xcassets; sourceTree = "<group>"; };
		BB96CF992A6A32E10016AC85 /* Base */ = {isa = PBXFileReference; lastKnownFileType = file.storyboard; name = Base; path = Base.lproj/LaunchScreen.storyboard; sourceTree = "<group>"; };
		BB96CF9B2A6A32E10016AC85 /* Info.plist */ = {isa = PBXFileReference; lastKnownFileType = text.plist.xml; path = Info.plist; sourceTree = "<group>"; };
		BB96CFAD2A6A65E10016AC85 /* Model.swift */ = {isa = PBXFileReference; lastKnownFileType = sourcecode.swift; path = Model.swift; sourceTree = "<group>"; };
		BB96CFAF2A6A676E0016AC85 /* UserService.swift */ = {isa = PBXFileReference; lastKnownFileType = sourcecode.swift; path = UserService.swift; sourceTree = "<group>"; };
		E2EC8619482BB58E0CE83EA3 /* Pods-testingapi.release.xcconfig */ = {isa = PBXFileReference; includeInIndex = 1; lastKnownFileType = text.xcconfig; name = "Pods-testingapi.release.xcconfig"; path = "Target Support Files/Pods-testingapi/Pods-testingapi.release.xcconfig"; sourceTree = "<group>"; };
/* End PBXFileReference section */

/* Begin PBXFrameworksBuildPhase section */
		BB96CF872A6A32DE0016AC85 /* Frameworks */ = {
			isa = PBXFrameworksBuildPhase;
			buildActionMask = 2147483647;
			files = (
				C841B0CE0C4EAA1BDB9CBF11 /* Pods_testingapi.framework in Frameworks */,
			);
			runOnlyForDeploymentPostprocessing = 0;
		};
/* End PBXFrameworksBuildPhase section */

/* Begin PBXGroup section */
		14710588324BFB465FCA3CD7 /* Frameworks */ = {
			isa = PBXGroup;
			children = (
				79EAE8138BB1E7B26D7A5DD1 /* Pods_testingapi.framework */,
			);
			name = Frameworks;
			sourceTree = "<group>";
		};
		6BEDD136344EB403AE09D74F /* Pods */ = {
			isa = PBXGroup;
			children = (
				9AEE9BC7C5D2806902B14285 /* Pods-testingapi.debug.xcconfig */,
				E2EC8619482BB58E0CE83EA3 /* Pods-testingapi.release.xcconfig */,
			);
			path = Pods;
			sourceTree = "<group>";
		};
		BB96CF812A6A32DE0016AC85 = {
			isa = PBXGroup;
			children = (
				BB96CF8C2A6A32DE0016AC85 /* testingapi */,
				BB96CF8B2A6A32DE0016AC85 /* Products */,
				6BEDD136344EB403AE09D74F /* Pods */,
				14710588324BFB465FCA3CD7 /* Frameworks */,
			);
			sourceTree = "<group>";
		};
		BB96CF8B2A6A32DE0016AC85 /* Products */ = {
			isa = PBXGroup;
			children = (
				BB96CF8A2A6A32DE0016AC85 /* testingapi.app */,
			);
			name = Products;
			sourceTree = "<group>";
		};
		BB96CF8C2A6A32DE0016AC85 /* testingapi */ = {
			isa = PBXGroup;
			children = (
				BB96CF8D2A6A32DE0016AC85 /* AppDelegate.swift */,
				BB96CF8F2A6A32DE0016AC85 /* SceneDelegate.swift */,
				BB96CF912A6A32DE0016AC85 /* ViewController.swift */,
				BB96CF932A6A32DE0016AC85 /* Main.storyboard */,
				BB96CF962A6A32E10016AC85 /* Assets.xcassets */,
				BB96CF982A6A32E10016AC85 /* LaunchScreen.storyboard */,
				BB96CF9B2A6A32E10016AC85 /* Info.plist */,
				BB96CFAD2A6A65E10016AC85 /* Model.swift */,
				BB96CFAF2A6A676E0016AC85 /* UserService.swift */,
			);
			path = testingapi;
			sourceTree = "<group>";
		};
/* End PBXGroup section */

/* Begin PBXNativeTarget section */
		BB96CF892A6A32DE0016AC85 /* testingapi */ = {
			isa = PBXNativeTarget;
			buildConfigurationList = BB96CF9E2A6A32E10016AC85 /* Build configuration list for PBXNativeTarget "testingapi" */;
			buildPhases = (
				42CEBE7B4481E9998BD9117B /* [CP] Check Pods Manifest.lock */,
				BB96CF862A6A32DE0016AC85 /* Sources */,
				BB96CF872A6A32DE0016AC85 /* Frameworks */,
				BB96CF882A6A32DE0016AC85 /* Resources */,
				9510CA563812BC0F6E80DD27 /* [CP] Embed Pods Frameworks */,
			);
			buildRules = (
			);
			dependencies = (
			);
			name = testingapi;
			productName = testingapi;
			productReference = BB96CF8A2A6A32DE0016AC85 /* testingapi.app */;
			productType = "com.apple.product-type.application";
		};
/* End PBXNativeTarget section */

/* Begin PBXProject section */
		BB96CF822A6A32DE0016AC85 /* Project object */ = {
			isa = PBXProject;
			attributes = {
				BuildIndependentTargetsInParallel = 1;
				LastSwiftUpdateCheck = 1410;
				LastUpgradeCheck = 1410;
				TargetAttributes = {
					BB96CF892A6A32DE0016AC85 = {
						CreatedOnToolsVersion = 14.1;
					};
				};
			};
			buildConfigurationList = BB96CF852A6A32DE0016AC85 /* Build configuration list for PBXProject "testingapi" */;
			compatibilityVersion = "Xcode 14.0";
			developmentRegion = en;
			hasScannedForEncodings = 0;
			knownRegions = (
				en,
				Base,
			);
			mainGroup = BB96CF812A6A32DE0016AC85;
			productRefGroup = BB96CF8B2A6A32DE0016AC85 /* Products */;
			projectDirPath = "";
			projectRoot = "";
			targets = (
				BB96CF892A6A32DE0016AC85 /* testingapi */,
			);
		};
/* End PBXProject section */

/* Begin PBXResourcesBuildPhase section */
		BB96CF882A6A32DE0016AC85 /* Resources */ = {
			isa = PBXResourcesBuildPhase;
			buildActionMask = 2147483647;
			files = (
				BB96CF9A2A6A32E10016AC85 /* LaunchScreen.storyboard in Resources */,
				BB96CF972A6A32E10016AC85 /* Assets.xcassets in Resources */,
				BB96CF952A6A32DE0016AC85 /* Main.storyboard in Resources */,
			);
			runOnlyForDeploymentPostprocessing = 0;
		};
/* End PBXResourcesBuildPhase section */

/* Begin PBXShellScriptBuildPhase section */
		42CEBE7B4481E9998BD9117B /* [CP] Check Pods Manifest.lock */ = {
			isa = PBXShellScriptBuildPhase;
			buildActionMask = 2147483647;
			files = (
			);
			inputFileListPaths = (
			);
			inputPaths = (
				"${PODS_PODFILE_DIR_PATH}/Podfile.lock",
				"${PODS_ROOT}/Manifest.lock",
			);
			name = "[CP] Check Pods Manifest.lock";
			outputFileListPaths = (
			);
			outputPaths = (
				"$(DERIVED_FILE_DIR)/Pods-testingapi-checkManifestLockResult.txt",
			);
			runOnlyForDeploymentPostprocessing = 0;
			shellPath = /bin/sh;
			shellScript = "diff \"${PODS_PODFILE_DIR_PATH}/Podfile.lock\" \"${PODS_ROOT}/Manifest.lock\" > /dev/null\nif [ $? != 0 ] ; then\n    # print error to STDERR\n    echo \"error: The sandbox is not in sync with the Podfile.lock. Run 'pod install' or update your CocoaPods installation.\" >&2\n    exit 1\nfi\n# This output is used by Xcode 'outputs' to avoid re-running this script phase.\necho \"SUCCESS\" > \"${SCRIPT_OUTPUT_FILE_0}\"\n";
			showEnvVarsInLog = 0;
		};
		9510CA563812BC0F6E80DD27 /* [CP] Embed Pods Frameworks */ = {
			isa = PBXShellScriptBuildPhase;
			buildActionMask = 2147483647;
			files = (
			);
			inputFileListPaths = (
				"${PODS_ROOT}/Target Support Files/Pods-testingapi/Pods-testingapi-frameworks-${CONFIGURATION}-input-files.xcfilelist",
			);
			name = "[CP] Embed Pods Frameworks";
			outputFileListPaths = (
				"${PODS_ROOT}/Target Support Files/Pods-testingapi/Pods-testingapi-frameworks-${CONFIGURATION}-output-files.xcfilelist",
			);
			runOnlyForDeploymentPostprocessing = 0;
			shellPath = /bin/sh;
			shellScript = "\"${PODS_ROOT}/Target Support Files/Pods-testingapi/Pods-testingapi-frameworks.sh\"\n";
			showEnvVarsInLog = 0;
		};
/* End PBXShellScriptBuildPhase section */

/* Begin PBXSourcesBuildPhase section */
		BB96CF862A6A32DE0016AC85 /* Sources */ = {
			isa = PBXSourcesBuildPhase;
			buildActionMask = 2147483647;
			files = (
				BB96CF922A6A32DE0016AC85 /* ViewController.swift in Sources */,
				BB96CFB02A6A676E0016AC85 /* UserService.swift in Sources */,
				BB96CF8E2A6A32DE0016AC85 /* AppDelegate.swift in Sources */,
				BB96CF902A6A32DE0016AC85 /* SceneDelegate.swift in Sources */,
				BB96CFAE2A6A65E10016AC85 /* Model.swift in Sources */,
			);
			runOnlyForDeploymentPostprocessing = 0;
		};
/* End PBXSourcesBuildPhase section */

/* Begin PBXVariantGroup section */
		BB96CF932A6A32DE0016AC85 /* Main.storyboard */ = {
			isa = PBXVariantGroup;
			children = (
				BB96CF942A6A32DE0016AC85 /* Base */,
			);
			name = Main.storyboard;
			sourceTree = "<group>";
		};
		BB96CF982A6A32E10016AC85 /* LaunchScreen.storyboard */ = {
			isa = PBXVariantGroup;
			children = (
				BB96CF992A6A32E10016AC85 /* Base */,
			);
			name = LaunchScreen.storyboard;
			sourceTree = "<group>";
		};
/* End PBXVariantGroup section */

/* Begin XCBuildConfiguration section */
		BB96CF9C2A6A32E10016AC85 /* Debug */ = {
			isa = XCBuildConfiguration;
			buildSettings = {
				ALWAYS_SEARCH_USER_PATHS = NO;
				CLANG_ANALYZER_NONNULL = YES;
				CLANG_ANALYZER_NUMBER_OBJECT_CONVERSION = YES_AGGRESSIVE;
				CLANG_CXX_LANGUAGE_STANDARD = "gnu++20";
				CLANG_ENABLE_MODULES = YES;
				CLANG_ENABLE_OBJC_ARC = YES;
				CLANG_ENABLE_OBJC_WEAK = YES;
				CLANG_WARN_BLOCK_CAPTURE_AUTORELEASING = YES;
				CLANG_WARN_BOOL_CONVERSION = YES;
				CLANG_WARN_COMMA = YES;
				CLANG_WARN_CONSTANT_CONVERSION = YES;
				CLANG_WARN_DEPRECATED_OBJC_IMPLEMENTATIONS = YES;
				CLANG_WARN_DIRECT_OBJC_ISA_USAGE = YES_ERROR;
				CLANG_WARN_DOCUMENTATION_COMMENTS = YES;
				CLANG_WARN_EMPTY_BODY = YES;
				CLANG_WARN_ENUM_CONVERSION = YES;
				CLANG_WARN_INFINITE_RECURSION = YES;
				CLANG_WARN_INT_CONVERSION = YES;
				CLANG_WARN_NON_LITERAL_NULL_CONVERSION = YES;
				CLANG_WARN_OBJC_IMPLICIT_RETAIN_SELF = YES;
				CLANG_WARN_OBJC_LITERAL_CONVERSION = YES;
				CLANG_WARN_OBJC_ROOT_CLASS = YES_ERROR;
				CLANG_WARN_QUOTED_INCLUDE_IN_FRAMEWORK_HEADER = YES;
				CLANG_WARN_RANGE_LOOP_ANALYSIS = YES;
				CLANG_WARN_STRICT_PROTOTYPES = YES;
				CLANG_WARN_SUSPICIOUS_MOVE = YES;
				CLANG_WARN_UNGUARDED_AVAILABILITY = YES_AGGRESSIVE;
				CLANG_WARN_UNREACHABLE_CODE = YES;
				CLANG_WARN__DUPLICATE_METHOD_MATCH = YES;
				COPY_PHASE_STRIP = NO;
				DEBUG_INFORMATION_FORMAT = dwarf;
				ENABLE_STRICT_OBJC_MSGSEND = YES;
				ENABLE_TESTABILITY = YES;
				GCC_C_LANGUAGE_STANDARD = gnu11;
				GCC_DYNAMIC_NO_PIC = NO;
				GCC_NO_COMMON_BLOCKS = YES;
				GCC_OPTIMIZATION_LEVEL = 0;
				GCC_PREPROCESSOR_DEFINITIONS = (
					"DEBUG=1",
					"$(inherited)",
				);
				GCC_WARN_64_TO_32_BIT_CONVERSION = YES;
				GCC_WARN_ABOUT_RETURN_TYPE = YES_ERROR;
				GCC_WARN_UNDECLARED_SELECTOR = YES;
				GCC_WARN_UNINITIALIZED_AUTOS = YES_AGGRESSIVE;
				GCC_WARN_UNUSED_FUNCTION = YES;
				GCC_WARN_UNUSED_VARIABLE = YES;
				IPHONEOS_DEPLOYMENT_TARGET = 16.1;
				MTL_ENABLE_DEBUG_INFO = INCLUDE_SOURCE;
				MTL_FAST_MATH = YES;
				ONLY_ACTIVE_ARCH = YES;
				SDKROOT = iphoneos;
				SWIFT_ACTIVE_COMPILATION_CONDITIONS = DEBUG;
				SWIFT_OPTIMIZATION_LEVEL = "-Onone";
			};
			name = Debug;
		};
		BB96CF9D2A6A32E10016AC85 /* Release */ = {
			isa = XCBuildConfiguration;
			buildSettings = {
				ALWAYS_SEARCH_USER_PATHS = NO;
				CLANG_ANALYZER_NONNULL = YES;
				CLANG_ANALYZER_NUMBER_OBJECT_CONVERSION = YES_AGGRESSIVE;
				CLANG_CXX_LANGUAGE_STANDARD = "gnu++20";
				CLANG_ENABLE_MODULES = YES;
				CLANG_ENABLE_OBJC_ARC = YES;
				CLANG_ENABLE_OBJC_WEAK = YES;
				CLANG_WARN_BLOCK_CAPTURE_AUTORELEASING = YES;
				CLANG_WARN_BOOL_CONVERSION = YES;
				CLANG_WARN_COMMA = YES;
				CLANG_WARN_CONSTANT_CONVERSION = YES;
				CLANG_WARN_DEPRECATED_OBJC_IMPLEMENTATIONS = YES;
				CLANG_WARN_DIRECT_OBJC_ISA_USAGE = YES_ERROR;
				CLANG_WARN_DOCUMENTATION_COMMENTS = YES;
				CLANG_WARN_EMPTY_BODY = YES;
				CLANG_WARN_ENUM_CONVERSION = YES;
				CLANG_WARN_INFINITE_RECURSION = YES;
				CLANG_WARN_INT_CONVERSION = YES;
				CLANG_WARN_NON_LITERAL_NULL_CONVERSION = YES;
				CLANG_WARN_OBJC_IMPLICIT_RETAIN_SELF = YES;
				CLANG_WARN_OBJC_LITERAL_CONVERSION = YES;
				CLANG_WARN_OBJC_ROOT_CLASS = YES_ERROR;
				CLANG_WARN_QUOTED_INCLUDE_IN_FRAMEWORK_HEADER = YES;
				CLANG_WARN_RANGE_LOOP_ANALYSIS = YES;
				CLANG_WARN_STRICT_PROTOTYPES = YES;
				CLANG_WARN_SUSPICIOUS_MOVE = YES;
				CLANG_WARN_UNGUARDED_AVAILABILITY = YES_AGGRESSIVE;
				CLANG_WARN_UNREACHABLE_CODE = YES;
				CLANG_WARN__DUPLICATE_METHOD_MATCH = YES;
				COPY_PHASE_STRIP = NO;
				DEBUG_INFORMATION_FORMAT = "dwarf-with-dsym";
				ENABLE_NS_ASSERTIONS = NO;
				ENABLE_STRICT_OBJC_MSGSEND = YES;
				GCC_C_LANGUAGE_STANDARD = gnu11;
				GCC_NO_COMMON_BLOCKS = YES;
				GCC_WARN_64_TO_32_BIT_CONVERSION = YES;
				GCC_WARN_ABOUT_RETURN_TYPE = YES_ERROR;
				GCC_WARN_UNDECLARED_SELECTOR = YES;
				GCC_WARN_UNINITIALIZED_AUTOS = YES_AGGRESSIVE;
				GCC_WARN_UNUSED_FUNCTION = YES;
				GCC_WARN_UNUSED_VARIABLE = YES;
				IPHONEOS_DEPLOYMENT_TARGET = 16.1;
				MTL_ENABLE_DEBUG_INFO = NO;
				MTL_FAST_MATH = YES;
				SDKROOT = iphoneos;
				SWIFT_COMPILATION_MODE = wholemodule;
				SWIFT_OPTIMIZATION_LEVEL = "-O";
				VALIDATE_PRODUCT = YES;
			};
			name = Release;
		};
		BB96CF9F2A6A32E10016AC85 /* Debug */ = {
			isa = XCBuildConfiguration;
			baseConfigurationReference = 9AEE9BC7C5D2806902B14285 /* Pods-testingapi.debug.xcconfig */;
			buildSettings = {
				ASSETCATALOG_COMPILER_APPICON_NAME = AppIcon;
				ASSETCATALOG_COMPILER_GLOBAL_ACCENT_COLOR_NAME = AccentColor;
				CODE_SIGN_STYLE = Automatic;
				CURRENT_PROJECT_VERSION = 1;
				GENERATE_INFOPLIST_FILE = YES;
				INFOPLIST_FILE = testingapi/Info.plist;
				INFOPLIST_KEY_UIApplicationSupportsIndirectInputEvents = YES;
				INFOPLIST_KEY_UILaunchStoryboardName = LaunchScreen;
				INFOPLIST_KEY_UIMainStoryboardFile = Main;
				INFOPLIST_KEY_UISupportedInterfaceOrientations_iPad = "UIInterfaceOrientationPortrait UIInterfaceOrientationPortraitUpsideDown UIInterfaceOrientationLandscapeLeft UIInterfaceOrientationLandscapeRight";
				INFOPLIST_KEY_UISupportedInterfaceOrientations_iPhone = "UIInterfaceOrientationPortrait UIInterfaceOrientationLandscapeLeft UIInterfaceOrientationLandscapeRight";
				LD_RUNPATH_SEARCH_PATHS = (
					"$(inherited)",
					"@executable_path/Frameworks",
				);
				MARKETING_VERSION = 1.0;
				PRODUCT_BUNDLE_IDENTIFIER = ankur.teksun.testingapi;
				PRODUCT_NAME = "$(TARGET_NAME)";
				SUPPORTED_PLATFORMS = "iphoneos iphonesimulator";
				SUPPORTS_MACCATALYST = NO;
				SUPPORTS_MAC_DESIGNED_FOR_IPHONE_IPAD = NO;
				SWIFT_EMIT_LOC_STRINGS = YES;
				SWIFT_VERSION = 5.0;
				TARGETED_DEVICE_FAMILY = 1;
			};
			name = Debug;
		};
		BB96CFA02A6A32E10016AC85 /* Release */ = {
			isa = XCBuildConfiguration;
			baseConfigurationReference = E2EC8619482BB58E0CE83EA3 /* Pods-testingapi.release.xcconfig */;
			buildSettings = {
				ASSETCATALOG_COMPILER_APPICON_NAME = AppIcon;
				ASSETCATALOG_COMPILER_GLOBAL_ACCENT_COLOR_NAME = AccentColor;
				CODE_SIGN_STYLE = Automatic;
				CURRENT_PROJECT_VERSION = 1;
				GENERATE_INFOPLIST_FILE = YES;
				INFOPLIST_FILE = testingapi/Info.plist;
				INFOPLIST_KEY_UIApplicationSupportsIndirectInputEvents = YES;
				INFOPLIST_KEY_UILaunchStoryboardName = LaunchScreen;
				INFOPLIST_KEY_UIMainStoryboardFile = Main;
				INFOPLIST_KEY_UISupportedInterfaceOrientations_iPad = "UIInterfaceOrientationPortrait UIInterfaceOrientationPortraitUpsideDown UIInterfaceOrientationLandscapeLeft UIInterfaceOrientationLandscapeRight";
				INFOPLIST_KEY_UISupportedInterfaceOrientations_iPhone = "UIInterfaceOrientationPortrait UIInterfaceOrientationLandscapeLeft UIInterfaceOrientationLandscapeRight";
				LD_RUNPATH_SEARCH_PATHS = (
					"$(inherited)",
					"@executable_path/Frameworks",
				);
				MARKETING_VERSION = 1.0;
				PRODUCT_BUNDLE_IDENTIFIER = ankur.teksun.testingapi;
				PRODUCT_NAME = "$(TARGET_NAME)";
				SUPPORTED_PLATFORMS = "iphoneos iphonesimulator";
				SUPPORTS_MACCATALYST = NO;
				SUPPORTS_MAC_DESIGNED_FOR_IPHONE_IPAD = NO;
				SWIFT_EMIT_LOC_STRINGS = YES;
				SWIFT_VERSION = 5.0;
				TARGETED_DEVICE_FAMILY = 1;
			};
			name = Release;
		};
/* End XCBuildConfiguration section */

/* Begin XCConfigurationList section */
		BB96CF852A6A32DE0016AC85 /* Build configuration list for PBXProject "testingapi" */ = {
			isa = XCConfigurationList;
			buildConfigurations = (
				BB96CF9C2A6A32E10016AC85 /* Debug */,
				BB96CF9D2A6A32E10016AC85 /* Release */,
			);
			defaultConfigurationIsVisible = 0;
			defaultConfigurationName = Release;
		};
		BB96CF9E2A6A32E10016AC85 /* Build configuration list for PBXNativeTarget "testingapi" */ = {
			isa = XCConfigurationList;
			buildConfigurations = (
				BB96CF9F2A6A32E10016AC85 /* Debug */,
				BB96CFA02A6A32E10016AC85 /* Release */,
			);
			defaultConfigurationIsVisible = 0;
			defaultConfigurationName = Release;
		};
/* End XCConfigurationList section */
	};
	rootObject = BB96CF822A6A32DE0016AC85 /* Project object */;
}
